
Microsoft Visual Studio Solution File, Format Version 12.00
# Visual Studio Version 16
VisualStudioVersion = 16.0.32510.428
MinimumVisualStudioVersion = 10.0.40219.1
Project("{FAE04EC0-301F-11D3-BF4B-00C04F79EFBC}") = "StudentTracker.Android", "StudentTracker.Android\StudentTracker.Android.csproj", "{EC1FA478-11AA-4EC4-9A2B-2421DFDA0C90}"
EndProject
Project("{FAE04EC0-301F-11D3-BF4B-00C04F79EFBC}") = "StudentTracker.iOS", "StudentTracker.iOS\StudentTracker.iOS.csproj", "{0D1B18B7-F90C-4DD2-B190-E60106418D8D}"
EndProject
Project("{FAE04EC0-301F-11D3-BF4B-00C04F79EFBC}") = "StudentTracker", "StudentTracker\StudentTracker.csproj", "{7A0DCF7B-4AD1-423D-A78D-E821228307BF}"
EndProject
Global
	GlobalSection(SolutionConfigurationPlatforms) = preSolution
		Debug|Any CPU = Debug|Any CPU
		Debug|iPhone = Debug|iPhone
		Debug|iPhoneSimulator = Debug|iPhoneSimulator
		Release|Any CPU = Release|Any CPU
		Release|iPhone = Release|iPhone
		Release|iPhoneSimulator = Release|iPhoneSimulator
	EndGlobalSection
	GlobalSection(ProjectConfigurationPlatforms) = postSolution
		{EC1FA478-11AA-4EC4-9A2B-2421DFDA0C90}.Debug|Any CPU.ActiveCfg = Debug|Any CPU
		{EC1FA478-11AA-4EC4-9A2B-2421DFDA0C90}.Debug|Any CPU.Build.0 = Debug|Any CPU
		{EC1FA478-11AA-4EC4-9A2B-2421DFDA0C90}.Debug|Any CPU.Deploy.0 = Debug|Any CPU
		{EC1FA478-11AA-4EC4-9A2B-2421DFDA0C90}.Debug|iPhone.ActiveCfg = Debug|Any CPU
		{EC1FA478-11AA-4EC4-9A2B-2421DFDA0C90}.Debug|iPhone.Build.0 = Debug|Any CPU
		{EC1FA478-11AA-4EC4-9A2B-2421DFDA0C90}.Debug|iPhone.Deploy.0 = Debug|Any CPU
		{EC1FA478-11AA-4EC4-9A2B-2421DFDA0C90}.Debug|iPhoneSimulator.ActiveCfg = Debug|Any CPU
		{EC1FA478-11AA-4EC4-9A2B-2421DFDA0C90}.Debug|iPhoneSimulator.Build.0 = Debug|Any CPU
		{EC1FA478-11AA-4EC4-9A2B-2421DFDA0C90}.Debug|iPhoneSimulator.Deploy.0 = Debug|Any CPU
		{EC1FA478-11AA-4EC4-9A2B-2421DFDA0C90}.Release|Any CPU.ActiveCfg = Release|Any CPU
		{EC1FA478-11AA-4EC4-9A2B-2421DFDA0C90}.Release|Any CPU.Build.0 = Release|Any CPU
		{EC1FA478-11AA-4EC4-9A2B-2421DFDA0C90}.Release|Any CPU.Deploy.0 = Release|Any CPU
		{EC1FA478-11AA-4EC4-9A2B-2421DFDA0C90}.Release|iPhone.ActiveCfg = Release|Any CPU
		{EC1FA478-11AA-4EC4-9A2B-2421DFDA0C90}.Release|iPhone.Build.0 = Release|Any CPU
		{EC1FA478-11AA-4EC4-9A2B-2421DFDA0C90}.Release|iPhone.Deploy.0 = Release|Any CPU
		{EC1FA478-11AA-4EC4-9A2B-2421DFDA0C90}.Release|iPhoneSimulator.ActiveCfg = Release|Any CPU
		{EC1FA478-11AA-4EC4-9A2B-2421DFDA0C90}.Release|iPhoneSimulator.Build.0 = Release|Any CPU
		{EC1FA478-11AA-4EC4-9A2B-2421DFDA0C90}.Release|iPhoneSimulator.Deploy.0 = Release|Any CPU
		{0D1B18B7-F90C-4DD2-B190-E60106418D8D}.Debug|Any CPU.ActiveCfg = Debug|iPhone
		{0D1B18B7-F90C-4DD2-B190-E60106418D8D}.Debug|Any CPU.Build.0 = Debug|iPhone
		{0D1B18B7-F90C-4DD2-B190-E60106418D8D}.Debug|Any CPU.Deploy.0 = Debug|iPhone
		{0D1B18B7-F90C-4DD2-B190-E60106418D8D}.Debug|iPhone.ActiveCfg = Debug|iPhone
		{0D1B18B7-F90C-4DD2-B190-E60106418D8D}.Debug|iPhone.Build.0 = Debug|iPhone
		{0D1B18B7-F90C-4DD2-B190-E60106418D8D}.Debug|iPhone.Deploy.0 = Debug|iPhone
		{0D1B18B7-F90C-4DD2-B190-E60106418D8D}.Debug|iPhoneSimulator.ActiveCfg = Debug|iPhoneSimulator
		{0D1B18B7-F90C-4DD2-B190-E60106418D8D}.Debug|iPhoneSimulator.Build.0 = Debug|iPhoneSimulator
		{0D1B18B7-F90C-4DD2-B190-E60106418D8D}.Debug|iPhoneSimulator.Deploy.0 = Debug|iPhoneSimulator
		{0D1B18B7-F90C-4DD2-B190-E60106418D8D}.Release|Any CPU.ActiveCfg = Release|iPhoneSimulator
		{0D1B18B7-F90C-4DD2-B190-E60106418D8D}.Release|Any CPU.Build.0 = Release|iPhoneSimulator
		{0D1B18B7-F90C-4DD2-B190-E60106418D8D}.Release|Any CPU.Deploy.0 = Release|iPhoneSimulator
		{0D1B18B7-F90C-4DD2-B190-E60106418D8D}.Release|iPhone.ActiveCfg = Release|iPhone
		{0D1B18B7-F90C-4DD2-B190-E60106418D8D}.Release|iPhone.Build.0 = Release|iPhone
		{0D1B18B7-F90C-4DD2-B190-E60106418D8D}.Release|iPhone.Deploy.0 = Release|iPhone
		{0D1B18B7-F90C-4DD2-B190-E60106418D8D}.Release|iPhoneSimulator.ActiveCfg = Release|iPhoneSimulator
		{0D1B18B7-F90C-4DD2-B190-E60106418D8D}.Release|iPhoneSimulator.Build.0 = Release|iPhoneSimulator
		{0D1B18B7-F90C-4DD2-B190-E60106418D8D}.Release|iPhoneSimulator.Deploy.0 = Release|iPhoneSimulator
		{7A0DCF7B-4AD1-423D-A78D-E821228307BF}.Debug|Any CPU.ActiveCfg = Debug|Any CPU
		{7A0DCF7B-4AD1-423D-A78D-E821228307BF}.Debug|Any CPU.Build.0 = Debug|Any CPU
		{7A0DCF7B-4AD1-423D-A78D-E821228307BF}.Debug|Any CPU.Deploy.0 = Debug|Any CPU
		{7A0DCF7B-4AD1-423D-A78D-E821228307BF}.Debug|iPhone.ActiveCfg = Debug|Any CPU
		{7A0DCF7B-4AD1-423D-A78D-E821228307BF}.Debug|iPhone.Build.0 = Debug|Any CPU
		{7A0DCF7B-4AD1-423D-A78D-E821228307BF}.Debug|iPhone.Deploy.0 = Debug|Any CPU
		{7A0DCF7B-4AD1-423D-A78D-E821228307BF}.Debug|iPhoneSimulator.ActiveCfg = Debug|Any CPU
		{7A0DCF7B-4AD1-423D-A78D-E821228307BF}.Debug|iPhoneSimulator.Build.0 = Debug|Any CPU
		{7A0DCF7B-4AD1-423D-A78D-E821228307BF}.Debug|iPhoneSimulator.Deploy.0 = Debug|Any CPU
		{7A0DCF7B-4AD1-423D-A78D-E821228307BF}.Release|Any CPU.ActiveCfg = Release|Any CPU
		{7A0DCF7B-4AD1-423D-A78D-E821228307BF}.Release|Any CPU.Build.0 = Release|Any CPU
		{7A0DCF7B-4AD1-423D-A78D-E821228307BF}.Release|Any CPU.Deploy.0 = Release|Any CPU
		{7A0DCF7B-4AD1-423D-A78D-E821228307BF}.Release|iPhone.ActiveCfg = Release|Any CPU
		{7A0DCF7B-4AD1-423D-A78D-E821228307BF}.Release|iPhone.Build.0 = Release|Any CPU
		{7A0DCF7B-4AD1-423D-A78D-E821228307BF}.Release|iPhone.Deploy.0 = Release|Any CPU
		{7A0DCF7B-4AD1-423D-A78D-E821228307BF}.Release|iPhoneSimulator.ActiveCfg = Release|Any CPU
		{7A0DCF7B-4AD1-423D-A78D-E821228307BF}.Release|iPhoneSimulator.Build.0 = Release|Any CPU
		{7A0DCF7B-4AD1-423D-A78D-E821228307BF}.Release|iPhoneSimulator.Deploy.0 = Release|Any CPU
	EndGlobalSection
	GlobalSection(SolutionProperties) = preSolution
		HideSolutionNode = FALSE
	EndGlobalSection
	GlobalSection(ExtensibilityGlobals) = postSolution
		SolutionGuid = {18C1A76E-63D6-4430-853A-2995FCFF908F}
	EndGlobalSection
EndGlobal
